
Microsoft Visual Studio Solution File, Format Version 12.00
# Visual Studio 2012
Project("{FAE04EC0-301F-11D3-BF4B-00C04F79EFBC}") = "Asteroids.Game", "Asteroids.Game\Asteroids.Game.csproj", "{FDB0CAA6-01F5-4E54-A48D-84D71E05AED5}"
EndProject
Global
	GlobalSection(SolutionConfigurationPlatforms) = preSolution
		Debug|x86 = Debug|x86
		Release|x86 = Release|x86
	EndGlobalSection
	GlobalSection(ProjectConfigurationPlatforms) = postSolution
		{FDB0CAA6-01F5-4E54-A48D-84D71E05AED5}.Debug|x86.ActiveCfg = Debug|x86
		{FDB0CAA6-01F5-4E54-A48D-84D71E05AED5}.Debug|x86.Build.0 = Debug|x86
		{FDB0CAA6-01F5-4E54-A48D-84D71E05AED5}.Release|x86.ActiveCfg = Release|x86
		{FDB0CAA6-01F5-4E54-A48D-84D71E05AED5}.Release|x86.Build.0 = Release|x86
	EndGlobalSection
	GlobalSection(MonoDevelopProperties) = preSolution
		StartupItem = Asteroids.Game\Asteroids.Game.csproj
	EndGlobalSection
EndGlobal
